
Microsoft Visual Studio Solution File, Format Version 12.00
# Visual Studio Version 17
VisualStudioVersion = 17.11.35222.181
MinimumVisualStudioVersion = 10.0.40219.1
Project("{9A19103F-16F7-4668-BE54-9A1E7A4F7556}") = "PSMobile.api", "src\PSMobile.api\PSMobile.api.csproj", "{EA04FFE7-52A5-43CC-937C-AB0CDEE6B7B7}"
EndProject
Project("{9A19103F-16F7-4668-BE54-9A1E7A4F7556}") = "PSMobile.application", "src\PSMobile.application\PSMobile.application.csproj", "{3C1900AA-6724-44B2-A516-036C39A11280}"
EndProject
Project("{9A19103F-16F7-4668-BE54-9A1E7A4F7556}") = "PSMobile.core", "src\PSMobile.core\PSMobile.core.csproj", "{7ED0B7C8-076B-4F44-83C8-91390E28B400}"
EndProject
Project("{9A19103F-16F7-4668-BE54-9A1E7A4F7556}") = "PSMobile.infrastructure", "src\PSMobile.infrastructure\PSMobile.infrastructure.csproj", "{F6F36966-18F9-4A95-B92A-B738D555F3BA}"
EndProject
Project("{9A19103F-16F7-4668-BE54-9A1E7A4F7556}") = "PSMobile.SharedKernel", "src\PSMobile.SharedKernel\PSMobile.SharedKernel.csproj", "{FB752186-35AB-4ED6-897A-C395AED5E985}"
EndProject
Project("{9A19103F-16F7-4668-BE54-9A1E7A4F7556}") = "PSMobile.SharedUI", "src\PSMobile.SharedUI\PSMobile.SharedUI.csproj", "{6E9E71E6-4A4B-440B-A351-93C0222242FD}"
EndProject
Project("{9A19103F-16F7-4668-BE54-9A1E7A4F7556}") = "PSMobile.Mobile", "src\PSMobile.Mobile\PSMobile.Mobile.csproj", "{CEF872B6-5C08-4D13-9A5B-CB7612A11869}"
EndProject
Project("{9A19103F-16F7-4668-BE54-9A1E7A4F7556}") = "PSMobile.Web", "src\PSMobile.Web\PSMobile.Web.csproj", "{BE8B1ADF-A115-403A-8AAF-98E1E35BFFFF}"
EndProject
Global
	GlobalSection(SolutionConfigurationPlatforms) = preSolution
		Debug|Any CPU = Debug|Any CPU
		Release|Any CPU = Release|Any CPU
	EndGlobalSection
	GlobalSection(ProjectConfigurationPlatforms) = postSolution
		{EA04FFE7-52A5-43CC-937C-AB0CDEE6B7B7}.Debug|Any CPU.ActiveCfg = Debug|Any CPU
		{EA04FFE7-52A5-43CC-937C-AB0CDEE6B7B7}.Debug|Any CPU.Build.0 = Debug|Any CPU
		{EA04FFE7-52A5-43CC-937C-AB0CDEE6B7B7}.Release|Any CPU.ActiveCfg = Release|Any CPU
		{EA04FFE7-52A5-43CC-937C-AB0CDEE6B7B7}.Release|Any CPU.Build.0 = Release|Any CPU
		{3C1900AA-6724-44B2-A516-036C39A11280}.Debug|Any CPU.ActiveCfg = Debug|Any CPU
		{3C1900AA-6724-44B2-A516-036C39A11280}.Debug|Any CPU.Build.0 = Debug|Any CPU
		{3C1900AA-6724-44B2-A516-036C39A11280}.Release|Any CPU.ActiveCfg = Release|Any CPU
		{3C1900AA-6724-44B2-A516-036C39A11280}.Release|Any CPU.Build.0 = Release|Any CPU
		{7ED0B7C8-076B-4F44-83C8-91390E28B400}.Debug|Any CPU.ActiveCfg = Debug|Any CPU
		{7ED0B7C8-076B-4F44-83C8-91390E28B400}.Debug|Any CPU.Build.0 = Debug|Any CPU
		{7ED0B7C8-076B-4F44-83C8-91390E28B400}.Release|Any CPU.ActiveCfg = Release|Any CPU
		{7ED0B7C8-076B-4F44-83C8-91390E28B400}.Release|Any CPU.Build.0 = Release|Any CPU
		{F6F36966-18F9-4A95-B92A-B738D555F3BA}.Debug|Any CPU.ActiveCfg = Debug|Any CPU
		{F6F36966-18F9-4A95-B92A-B738D555F3BA}.Debug|Any CPU.Build.0 = Debug|Any CPU
		{F6F36966-18F9-4A95-B92A-B738D555F3BA}.Release|Any CPU.ActiveCfg = Release|Any CPU
		{F6F36966-18F9-4A95-B92A-B738D555F3BA}.Release|Any CPU.Build.0 = Release|Any CPU
		{FB752186-35AB-4ED6-897A-C395AED5E985}.Debug|Any CPU.ActiveCfg = Debug|Any CPU
		{FB752186-35AB-4ED6-897A-C395AED5E985}.Debug|Any CPU.Build.0 = Debug|Any CPU
		{FB752186-35AB-4ED6-897A-C395AED5E985}.Release|Any CPU.ActiveCfg = Release|Any CPU
		{FB752186-35AB-4ED6-897A-C395AED5E985}.Release|Any CPU.Build.0 = Release|Any CPU
		{6E9E71E6-4A4B-440B-A351-93C0222242FD}.Debug|Any CPU.ActiveCfg = Debug|Any CPU
		{6E9E71E6-4A4B-440B-A351-93C0222242FD}.Debug|Any CPU.Build.0 = Debug|Any CPU
		{6E9E71E6-4A4B-440B-A351-93C0222242FD}.Release|Any CPU.ActiveCfg = Release|Any CPU
		{6E9E71E6-4A4B-440B-A351-93C0222242FD}.Release|Any CPU.Build.0 = Release|Any CPU
		{CEF872B6-5C08-4D13-9A5B-CB7612A11869}.Debug|Any CPU.ActiveCfg = Debug|Any CPU
		{CEF872B6-5C08-4D13-9A5B-CB7612A11869}.Debug|Any CPU.Build.0 = Debug|Any CPU
		{CEF872B6-5C08-4D13-9A5B-CB7612A11869}.Debug|Any CPU.Deploy.0 = Debug|Any CPU
		{CEF872B6-5C08-4D13-9A5B-CB7612A11869}.Release|Any CPU.ActiveCfg = Release|Any CPU
		{CEF872B6-5C08-4D13-9A5B-CB7612A11869}.Release|Any CPU.Build.0 = Release|Any CPU
		{CEF872B6-5C08-4D13-9A5B-CB7612A11869}.Release|Any CPU.Deploy.0 = Release|Any CPU
		{BE8B1ADF-A115-403A-8AAF-98E1E35BFFFF}.Debug|Any CPU.ActiveCfg = Debug|Any CPU
		{BE8B1ADF-A115-403A-8AAF-98E1E35BFFFF}.Debug|Any CPU.Build.0 = Debug|Any CPU
		{BE8B1ADF-A115-403A-8AAF-98E1E35BFFFF}.Release|Any CPU.ActiveCfg = Release|Any CPU
		{BE8B1ADF-A115-403A-8AAF-98E1E35BFFFF}.Release|Any CPU.Build.0 = Release|Any CPU
	EndGlobalSection
	GlobalSection(SolutionProperties) = preSolution
		HideSolutionNode = FALSE
	EndGlobalSection
	GlobalSection(ExtensibilityGlobals) = postSolution
		SolutionGuid = {2D36EEA7-669E-4526-9EEA-9EB5760EC40A}
	EndGlobalSection
EndGlobal
